
Microsoft Visual Studio Solution File, Format Version 12.00
Project("{FAE04EC0-301F-11D3-BF4B-00C04F79EFBC}") = "ServiceControl.Connector.MassTransit.RabbitMQ", "ServiceControl.Connector.MassTransit.RabbitMQ\ServiceControl.Connector.MassTransit.RabbitMQ.csproj", "{6AF9778E-01F8-46A7-A5A3-461DB0364927}"
EndProject
Project("{FAE04EC0-301F-11D3-BF4B-00C04F79EFBC}") = "ServiceControl.Connector.MassTransit.AzureServiceBus", "ServiceControl.Connector.MassTransit.AzureServiceBus\ServiceControl.Connector.MassTransit.AzureServiceBus.csproj", "{F54EBF0E-AED4-4F07-AC87-3DA58A763F62}"
EndProject
Project("{FAE04EC0-301F-11D3-BF4B-00C04F79EFBC}") = "ServiceControl.Connector.MassTransit.AmazonSQS", "ServiceControl.Connector.MassTransit.AmazonSQS\ServiceControl.Connector.MassTransit.AmazonSQS.csproj", "{56857E95-4898-4030-B6A1-835C4AD995DA}"
EndProject
Project("{FAE04EC0-301F-11D3-BF4B-00C04F79EFBC}") = "NServiceBus.Transport.SQS", "..\..\NServiceBus.AmazonSQS\src\NServiceBus.Transport.SQS\NServiceBus.Transport.SQS.csproj", "{FD97CFC2-FF31-445C-9769-5080F24B530B}"
EndProject
Project("{FAE04EC0-301F-11D3-BF4B-00C04F79EFBC}") = "NServiceBus.Transport.RabbitMQ", "..\..\NServiceBus.RabbitMQ\src\NServiceBus.Transport.RabbitMQ\NServiceBus.Transport.RabbitMQ.csproj", "{314B4AA5-24E1-4A5E-95E8-451B20B6808D}"
EndProject
Project("{FAE04EC0-301F-11D3-BF4B-00C04F79EFBC}") = "NServiceBus.Transport.AzureServiceBus", "..\..\NServiceBus.Transport.AzureServiceBus\src\Transport\NServiceBus.Transport.AzureServiceBus.csproj", "{B050ACA3-C0DF-4F7B-B9C9-1F255F2773C3}"
EndProject
Project("{2150E333-8FDC-42A3-9474-1A3956D46DE8}") = "AzureServiceBus", "AzureServiceBus", "{0BAC58A0-FD2D-41D6-B800-5BFD4CD8F3D5}"
EndProject
Project("{2150E333-8FDC-42A3-9474-1A3956D46DE8}") = "AmazonSQS", "AmazonSQS", "{DEE3E467-1759-4C43-B551-1CBC94E09BFF}"
EndProject
Project("{2150E333-8FDC-42A3-9474-1A3956D46DE8}") = "RabbitMQ", "RabbitMQ", "{5C638B78-B67B-4E06-8C19-B721ADB63F0E}"
EndProject
Project("{FAE04EC0-301F-11D3-BF4B-00C04F79EFBC}") = "ServiceControl.Connector.MassTransit", "ServiceControl.Connector.MassTransit\ServiceControl.Connector.MassTransit.csproj", "{D6615CCD-5B01-4521-8DF3-52945E0DAE1E}"
EndProject
Project("{FAE04EC0-301F-11D3-BF4B-00C04F79EFBC}") = "ServiceControl.Connector.MassTransit.Host", "ServiceControl.Connector.MassTransit.Host\ServiceControl.Connector.MassTransit.Host.csproj", "{DB7AB22F-93F1-48DD-93DB-92C4727FE198}"
EndProject
Global
	GlobalSection(SolutionConfigurationPlatforms) = preSolution
		Debug|Any CPU = Debug|Any CPU
		Release|Any CPU = Release|Any CPU
	EndGlobalSection
	GlobalSection(ProjectConfigurationPlatforms) = postSolution
		{6AF9778E-01F8-46A7-A5A3-461DB0364927}.Debug|Any CPU.ActiveCfg = Debug|Any CPU
		{6AF9778E-01F8-46A7-A5A3-461DB0364927}.Debug|Any CPU.Build.0 = Debug|Any CPU
		{6AF9778E-01F8-46A7-A5A3-461DB0364927}.Release|Any CPU.ActiveCfg = Release|Any CPU
		{6AF9778E-01F8-46A7-A5A3-461DB0364927}.Release|Any CPU.Build.0 = Release|Any CPU
		{F54EBF0E-AED4-4F07-AC87-3DA58A763F62}.Debug|Any CPU.ActiveCfg = Debug|Any CPU
		{F54EBF0E-AED4-4F07-AC87-3DA58A763F62}.Debug|Any CPU.Build.0 = Debug|Any CPU
		{F54EBF0E-AED4-4F07-AC87-3DA58A763F62}.Release|Any CPU.ActiveCfg = Release|Any CPU
		{F54EBF0E-AED4-4F07-AC87-3DA58A763F62}.Release|Any CPU.Build.0 = Release|Any CPU
		{56857E95-4898-4030-B6A1-835C4AD995DA}.Debug|Any CPU.ActiveCfg = Debug|Any CPU
		{56857E95-4898-4030-B6A1-835C4AD995DA}.Debug|Any CPU.Build.0 = Debug|Any CPU
		{56857E95-4898-4030-B6A1-835C4AD995DA}.Release|Any CPU.ActiveCfg = Release|Any CPU
		{56857E95-4898-4030-B6A1-835C4AD995DA}.Release|Any CPU.Build.0 = Release|Any CPU
		{FD97CFC2-FF31-445C-9769-5080F24B530B}.Debug|Any CPU.ActiveCfg = Debug|Any CPU
		{FD97CFC2-FF31-445C-9769-5080F24B530B}.Debug|Any CPU.Build.0 = Debug|Any CPU
		{FD97CFC2-FF31-445C-9769-5080F24B530B}.Release|Any CPU.ActiveCfg = Release|Any CPU
		{FD97CFC2-FF31-445C-9769-5080F24B530B}.Release|Any CPU.Build.0 = Release|Any CPU
		{314B4AA5-24E1-4A5E-95E8-451B20B6808D}.Debug|Any CPU.ActiveCfg = Debug|Any CPU
		{314B4AA5-24E1-4A5E-95E8-451B20B6808D}.Debug|Any CPU.Build.0 = Debug|Any CPU
		{314B4AA5-24E1-4A5E-95E8-451B20B6808D}.Release|Any CPU.ActiveCfg = Release|Any CPU
		{314B4AA5-24E1-4A5E-95E8-451B20B6808D}.Release|Any CPU.Build.0 = Release|Any CPU
		{B050ACA3-C0DF-4F7B-B9C9-1F255F2773C3}.Debug|Any CPU.ActiveCfg = Debug|Any CPU
		{B050ACA3-C0DF-4F7B-B9C9-1F255F2773C3}.Debug|Any CPU.Build.0 = Debug|Any CPU
		{B050ACA3-C0DF-4F7B-B9C9-1F255F2773C3}.Release|Any CPU.ActiveCfg = Release|Any CPU
		{B050ACA3-C0DF-4F7B-B9C9-1F255F2773C3}.Release|Any CPU.Build.0 = Release|Any CPU
		{D6615CCD-5B01-4521-8DF3-52945E0DAE1E}.Debug|Any CPU.ActiveCfg = Debug|Any CPU
		{D6615CCD-5B01-4521-8DF3-52945E0DAE1E}.Debug|Any CPU.Build.0 = Debug|Any CPU
		{D6615CCD-5B01-4521-8DF3-52945E0DAE1E}.Release|Any CPU.ActiveCfg = Release|Any CPU
		{D6615CCD-5B01-4521-8DF3-52945E0DAE1E}.Release|Any CPU.Build.0 = Release|Any CPU
		{DB7AB22F-93F1-48DD-93DB-92C4727FE198}.Debug|Any CPU.ActiveCfg = Debug|Any CPU
		{DB7AB22F-93F1-48DD-93DB-92C4727FE198}.Debug|Any CPU.Build.0 = Debug|Any CPU
		{DB7AB22F-93F1-48DD-93DB-92C4727FE198}.Release|Any CPU.ActiveCfg = Release|Any CPU
		{DB7AB22F-93F1-48DD-93DB-92C4727FE198}.Release|Any CPU.Build.0 = Release|Any CPU
	EndGlobalSection
	GlobalSection(NestedProjects) = preSolution
		{6AF9778E-01F8-46A7-A5A3-461DB0364927} = {5C638B78-B67B-4E06-8C19-B721ADB63F0E}
		{B050ACA3-C0DF-4F7B-B9C9-1F255F2773C3} = {0BAC58A0-FD2D-41D6-B800-5BFD4CD8F3D5}
		{F54EBF0E-AED4-4F07-AC87-3DA58A763F62} = {0BAC58A0-FD2D-41D6-B800-5BFD4CD8F3D5}
		{314B4AA5-24E1-4A5E-95E8-451B20B6808D} = {5C638B78-B67B-4E06-8C19-B721ADB63F0E}
		{FD97CFC2-FF31-445C-9769-5080F24B530B} = {DEE3E467-1759-4C43-B551-1CBC94E09BFF}
		{56857E95-4898-4030-B6A1-835C4AD995DA} = {DEE3E467-1759-4C43-B551-1CBC94E09BFF}
	EndGlobalSection
EndGlobal
