
Microsoft Visual Studio Solution File, Format Version 12.00
# Visual Studio Version 17
VisualStudioVersion = 17.9.34723.18
MinimumVisualStudioVersion = 10.0.40219.1
Project("{9A19103F-16F7-4668-BE54-9A1E7A4F7556}") = "ServiceControl.Connector.MassTransit.RabbitMQ", "ServiceControl.Connector.MassTransit.RabbitMQ\ServiceControl.Connector.MassTransit.RabbitMQ.csproj", "{6AF9778E-01F8-46A7-A5A3-461DB0364927}"
EndProject
Project("{9A19103F-16F7-4668-BE54-9A1E7A4F7556}") = "ServiceControl.Connector.MassTransit.AzureServiceBus", "ServiceControl.Connector.MassTransit.AzureServiceBus\ServiceControl.Connector.MassTransit.AzureServiceBus.csproj", "{F54EBF0E-AED4-4F07-AC87-3DA58A763F62}"
EndProject
Project("{9A19103F-16F7-4668-BE54-9A1E7A4F7556}") = "ServiceControl.Connector.MassTransit.AmazonSQS", "ServiceControl.Connector.MassTransit.AmazonSQS\ServiceControl.Connector.MassTransit.AmazonSQS.csproj", "{56857E95-4898-4030-B6A1-835C4AD995DA}"
EndProject
Project("{2150E333-8FDC-42A3-9474-1A3956D46DE8}") = "AzureServiceBus", "AzureServiceBus", "{0BAC58A0-FD2D-41D6-B800-5BFD4CD8F3D5}"
EndProject
Project("{2150E333-8FDC-42A3-9474-1A3956D46DE8}") = "AmazonSQS", "AmazonSQS", "{DEE3E467-1759-4C43-B551-1CBC94E09BFF}"
EndProject
Project("{2150E333-8FDC-42A3-9474-1A3956D46DE8}") = "RabbitMQ", "RabbitMQ", "{5C638B78-B67B-4E06-8C19-B721ADB63F0E}"
EndProject
Project("{9A19103F-16F7-4668-BE54-9A1E7A4F7556}") = "ServiceControl.Connector.MassTransit", "ServiceControl.Connector.MassTransit\ServiceControl.Connector.MassTransit.csproj", "{D6615CCD-5B01-4521-8DF3-52945E0DAE1E}"
EndProject
Project("{9A19103F-16F7-4668-BE54-9A1E7A4F7556}") = "ServiceControl.Connector.MassTransit.Host", "ServiceControl.Connector.MassTransit.Host\ServiceControl.Connector.MassTransit.Host.csproj", "{DB7AB22F-93F1-48DD-93DB-92C4727FE198}"
EndProject
Project("{9A19103F-16F7-4668-BE54-9A1E7A4F7556}") = "ServiceControl.Connector.MassTransit.AcceptanceTests", "ServiceControl.Connector.MassTransit.AcceptanceTests\ServiceControl.Connector.MassTransit.AcceptanceTests.csproj", "{5739A403-B999-4F0B-B581-41747EA248F1}"
EndProject
Project("{9A19103F-16F7-4668-BE54-9A1E7A4F7556}") = "ServiceControl.Connector.MassTransit.AcceptanceTests.RabbitMQ", "ServiceControl.Connector.MassTransit.AcceptanceTests.RabbitMQ\ServiceControl.Connector.MassTransit.AcceptanceTests.RabbitMQ.csproj", "{2A84EF27-9F36-4EF3-BCC6-6213C725FC9D}"
EndProject
Project("{9A19103F-16F7-4668-BE54-9A1E7A4F7556}") = "ServiceControl.Connector.MassTransit.AcceptanceTesting", "ServiceControl.Connector.MassTransit.AcceptanceTesting\ServiceControl.Connector.MassTransit.AcceptanceTesting.csproj", "{AD00DB16-6C71-4E38-B93D-2850D68A79C5}"
EndProject
Project("{9A19103F-16F7-4668-BE54-9A1E7A4F7556}") = "ServiceControl.Connector.MassTransit.AcceptanceTests.AzureServiceBus", "ServiceControl.Connector.MassTransit.AcceptanceTests.AzureServiceBus\ServiceControl.Connector.MassTransit.AcceptanceTests.AzureServiceBus.csproj", "{9FD1F088-00D2-4FE7-9424-72BF6D38E98A}"
EndProject
Project("{FAE04EC0-301F-11D3-BF4B-00C04F79EFBC}") = "ServiceControl.Connector.MassTransit.AcceptanceTests.AmazonSQS", "ServiceControl.Connector.MassTransit.AcceptanceTests.AmazonSQS\ServiceControl.Connector.MassTransit.AcceptanceTests.AmazonSQS.csproj", "{93E5D84C-5CC7-4628-804C-A29B62C0C7E1}"
EndProject
Project("{FAE04EC0-301F-11D3-BF4B-00C04F79EFBC}") = "ServiceControl.Connector.MassTransit.Tests", "ServiceControl.Connector.MassTransit.Tests\ServiceControl.Connector.MassTransit.Tests.csproj", "{D1335BCA-C2A5-415D-8877-61FA146391AC}"
EndProject
Project("{2150E333-8FDC-42A3-9474-1A3956D46DE8}") = "Tests", "Tests", "{F5A3D35F-95A6-41F6-857F-866CA96E06FD}"
EndProject
Global
	GlobalSection(SolutionConfigurationPlatforms) = preSolution
		Debug|Any CPU = Debug|Any CPU
		Release|Any CPU = Release|Any CPU
	EndGlobalSection
	GlobalSection(ProjectConfigurationPlatforms) = postSolution
		{6AF9778E-01F8-46A7-A5A3-461DB0364927}.Debug|Any CPU.ActiveCfg = Debug|Any CPU
		{6AF9778E-01F8-46A7-A5A3-461DB0364927}.Debug|Any CPU.Build.0 = Debug|Any CPU
		{6AF9778E-01F8-46A7-A5A3-461DB0364927}.Release|Any CPU.ActiveCfg = Release|Any CPU
		{6AF9778E-01F8-46A7-A5A3-461DB0364927}.Release|Any CPU.Build.0 = Release|Any CPU
		{F54EBF0E-AED4-4F07-AC87-3DA58A763F62}.Debug|Any CPU.ActiveCfg = Debug|Any CPU
		{F54EBF0E-AED4-4F07-AC87-3DA58A763F62}.Debug|Any CPU.Build.0 = Debug|Any CPU
		{F54EBF0E-AED4-4F07-AC87-3DA58A763F62}.Release|Any CPU.ActiveCfg = Release|Any CPU
		{F54EBF0E-AED4-4F07-AC87-3DA58A763F62}.Release|Any CPU.Build.0 = Release|Any CPU
		{56857E95-4898-4030-B6A1-835C4AD995DA}.Debug|Any CPU.ActiveCfg = Debug|Any CPU
		{56857E95-4898-4030-B6A1-835C4AD995DA}.Debug|Any CPU.Build.0 = Debug|Any CPU
		{56857E95-4898-4030-B6A1-835C4AD995DA}.Release|Any CPU.ActiveCfg = Release|Any CPU
		{56857E95-4898-4030-B6A1-835C4AD995DA}.Release|Any CPU.Build.0 = Release|Any CPU
		{D6615CCD-5B01-4521-8DF3-52945E0DAE1E}.Debug|Any CPU.ActiveCfg = Debug|Any CPU
		{D6615CCD-5B01-4521-8DF3-52945E0DAE1E}.Debug|Any CPU.Build.0 = Debug|Any CPU
		{D6615CCD-5B01-4521-8DF3-52945E0DAE1E}.Release|Any CPU.ActiveCfg = Release|Any CPU
		{D6615CCD-5B01-4521-8DF3-52945E0DAE1E}.Release|Any CPU.Build.0 = Release|Any CPU
		{DB7AB22F-93F1-48DD-93DB-92C4727FE198}.Debug|Any CPU.ActiveCfg = Debug|Any CPU
		{DB7AB22F-93F1-48DD-93DB-92C4727FE198}.Debug|Any CPU.Build.0 = Debug|Any CPU
		{DB7AB22F-93F1-48DD-93DB-92C4727FE198}.Release|Any CPU.ActiveCfg = Release|Any CPU
		{DB7AB22F-93F1-48DD-93DB-92C4727FE198}.Release|Any CPU.Build.0 = Release|Any CPU
		{5739A403-B999-4F0B-B581-41747EA248F1}.Debug|Any CPU.ActiveCfg = Debug|Any CPU
		{5739A403-B999-4F0B-B581-41747EA248F1}.Debug|Any CPU.Build.0 = Debug|Any CPU
		{5739A403-B999-4F0B-B581-41747EA248F1}.Release|Any CPU.ActiveCfg = Release|Any CPU
		{5739A403-B999-4F0B-B581-41747EA248F1}.Release|Any CPU.Build.0 = Release|Any CPU
		{2A84EF27-9F36-4EF3-BCC6-6213C725FC9D}.Debug|Any CPU.ActiveCfg = Debug|Any CPU
		{2A84EF27-9F36-4EF3-BCC6-6213C725FC9D}.Debug|Any CPU.Build.0 = Debug|Any CPU
		{2A84EF27-9F36-4EF3-BCC6-6213C725FC9D}.Release|Any CPU.ActiveCfg = Release|Any CPU
		{2A84EF27-9F36-4EF3-BCC6-6213C725FC9D}.Release|Any CPU.Build.0 = Release|Any CPU
		{AD00DB16-6C71-4E38-B93D-2850D68A79C5}.Debug|Any CPU.ActiveCfg = Debug|Any CPU
		{AD00DB16-6C71-4E38-B93D-2850D68A79C5}.Debug|Any CPU.Build.0 = Debug|Any CPU
		{AD00DB16-6C71-4E38-B93D-2850D68A79C5}.Release|Any CPU.ActiveCfg = Release|Any CPU
		{AD00DB16-6C71-4E38-B93D-2850D68A79C5}.Release|Any CPU.Build.0 = Release|Any CPU
		{9FD1F088-00D2-4FE7-9424-72BF6D38E98A}.Debug|Any CPU.ActiveCfg = Debug|Any CPU
		{9FD1F088-00D2-4FE7-9424-72BF6D38E98A}.Debug|Any CPU.Build.0 = Debug|Any CPU
		{9FD1F088-00D2-4FE7-9424-72BF6D38E98A}.Release|Any CPU.ActiveCfg = Release|Any CPU
		{9FD1F088-00D2-4FE7-9424-72BF6D38E98A}.Release|Any CPU.Build.0 = Release|Any CPU
		{93E5D84C-5CC7-4628-804C-A29B62C0C7E1}.Debug|Any CPU.ActiveCfg = Debug|Any CPU
		{93E5D84C-5CC7-4628-804C-A29B62C0C7E1}.Debug|Any CPU.Build.0 = Debug|Any CPU
		{93E5D84C-5CC7-4628-804C-A29B62C0C7E1}.Release|Any CPU.ActiveCfg = Release|Any CPU
		{93E5D84C-5CC7-4628-804C-A29B62C0C7E1}.Release|Any CPU.Build.0 = Release|Any CPU
		{D1335BCA-C2A5-415D-8877-61FA146391AC}.Debug|Any CPU.ActiveCfg = Debug|Any CPU
		{D1335BCA-C2A5-415D-8877-61FA146391AC}.Debug|Any CPU.Build.0 = Debug|Any CPU
		{D1335BCA-C2A5-415D-8877-61FA146391AC}.Release|Any CPU.ActiveCfg = Release|Any CPU
		{D1335BCA-C2A5-415D-8877-61FA146391AC}.Release|Any CPU.Build.0 = Release|Any CPU
	EndGlobalSection
	GlobalSection(SolutionProperties) = preSolution
		HideSolutionNode = FALSE
	EndGlobalSection
	GlobalSection(NestedProjects) = preSolution
		{6AF9778E-01F8-46A7-A5A3-461DB0364927} = {5C638B78-B67B-4E06-8C19-B721ADB63F0E}
		{F54EBF0E-AED4-4F07-AC87-3DA58A763F62} = {0BAC58A0-FD2D-41D6-B800-5BFD4CD8F3D5}
		{56857E95-4898-4030-B6A1-835C4AD995DA} = {DEE3E467-1759-4C43-B551-1CBC94E09BFF}
		{AD00DB16-6C71-4E38-B93D-2850D68A79C5} = {F5A3D35F-95A6-41F6-857F-866CA96E06FD}
		{5739A403-B999-4F0B-B581-41747EA248F1} = {F5A3D35F-95A6-41F6-857F-866CA96E06FD}
		{93E5D84C-5CC7-4628-804C-A29B62C0C7E1} = {F5A3D35F-95A6-41F6-857F-866CA96E06FD}
		{9FD1F088-00D2-4FE7-9424-72BF6D38E98A} = {F5A3D35F-95A6-41F6-857F-866CA96E06FD}
		{2A84EF27-9F36-4EF3-BCC6-6213C725FC9D} = {F5A3D35F-95A6-41F6-857F-866CA96E06FD}
		{D1335BCA-C2A5-415D-8877-61FA146391AC} = {F5A3D35F-95A6-41F6-857F-866CA96E06FD}
	EndGlobalSection
	GlobalSection(ExtensibilityGlobals) = postSolution
		SolutionGuid = {2E5F2F88-CFD8-439C-98E9-52803B9F4641}
	EndGlobalSection
EndGlobal
